
Microsoft Visual Studio Solution File, Format Version 12.00
# Visual Studio Version 17
VisualStudioVersion = 17.2.32616.157
MinimumVisualStudioVersion = 10.0.40219.1
Project("{FAE04EC0-301F-11D3-BF4B-00C04F79EFBC}") = "BasicLogicalProgramming", "BasicLogicalProgramming\BasicLogicalProgramming.csproj", "{23290077-79F3-44DC-98A5-312345D0A658}"
EndProject
Global
	GlobalSection(SolutionConfigurationPlatforms) = preSolution
		Debug|Any CPU = Debug|Any CPU
		Release|Any CPU = Release|Any CPU
	EndGlobalSection
	GlobalSection(ProjectConfigurationPlatforms) = postSolution
		{23290077-79F3-44DC-98A5-312345D0A658}.Debug|Any CPU.ActiveCfg = Debug|Any CPU
		{23290077-79F3-44DC-98A5-312345D0A658}.Debug|Any CPU.Build.0 = Debug|Any CPU
		{23290077-79F3-44DC-98A5-312345D0A658}.Release|Any CPU.ActiveCfg = Release|Any CPU
		{23290077-79F3-44DC-98A5-312345D0A658}.Release|Any CPU.Build.0 = Release|Any CPU
	EndGlobalSection
	GlobalSection(SolutionProperties) = preSolution
		HideSolutionNode = FALSE
	EndGlobalSection
	GlobalSection(ExtensibilityGlobals) = postSolution
		SolutionGuid = {0920AC94-EE31-4459-AD52-0335C0DA0CD4}
	EndGlobalSection
EndGlobal
